
Microsoft Visual Studio Solution File, Format Version 12.00
# Visual Studio Version 16
VisualStudioVersion = 16.0.30413.136
MinimumVisualStudioVersion = 10.0.40219.1
Project("{FAE04EC0-301F-11D3-BF4B-00C04F79EFBC}") = "SampleFunctionThree", "SampleFunctionThree\SampleFunctionThree.csproj", "{F01A87DB-1BBE-40AE-AE1F-BAF10B2147DE}"
EndProject
Global
	GlobalSection(SolutionConfigurationPlatforms) = preSolution
		Debug|Any CPU = Debug|Any CPU
		Release|Any CPU = Release|Any CPU
	EndGlobalSection
	GlobalSection(ProjectConfigurationPlatforms) = postSolution
		{F01A87DB-1BBE-40AE-AE1F-BAF10B2147DE}.Debug|Any CPU.ActiveCfg = Debug|Any CPU
		{F01A87DB-1BBE-40AE-AE1F-BAF10B2147DE}.Debug|Any CPU.Build.0 = Debug|Any CPU
		{F01A87DB-1BBE-40AE-AE1F-BAF10B2147DE}.Release|Any CPU.ActiveCfg = Release|Any CPU
		{F01A87DB-1BBE-40AE-AE1F-BAF10B2147DE}.Release|Any CPU.Build.0 = Release|Any CPU
	EndGlobalSection
	GlobalSection(SolutionProperties) = preSolution
		HideSolutionNode = FALSE
	EndGlobalSection
	GlobalSection(ExtensibilityGlobals) = postSolution
		SolutionGuid = {81A6775D-692C-415D-8AAC-0DF0FD413196}
	EndGlobalSection
EndGlobal
