
Microsoft Visual Studio Solution File, Format Version 12.00
# Visual Studio Version 16
VisualStudioVersion = 16.0.30907.101
MinimumVisualStudioVersion = 10.0.40219.1
Project("{FAE04EC0-301F-11D3-BF4B-00C04F79EFBC}") = "WebApiOne", "WebApiOne\WebApiOne.csproj", "{F77781BB-CE11-4DD7-B132-7D6B16EC2F1B}"
EndProject
Global
	GlobalSection(SolutionConfigurationPlatforms) = preSolution
		Debug|Any CPU = Debug|Any CPU
		Release|Any CPU = Release|Any CPU
	EndGlobalSection
	GlobalSection(ProjectConfigurationPlatforms) = postSolution
		{F77781BB-CE11-4DD7-B132-7D6B16EC2F1B}.Debug|Any CPU.ActiveCfg = Debug|Any CPU
		{F77781BB-CE11-4DD7-B132-7D6B16EC2F1B}.Debug|Any CPU.Build.0 = Debug|Any CPU
		{F77781BB-CE11-4DD7-B132-7D6B16EC2F1B}.Release|Any CPU.ActiveCfg = Release|Any CPU
		{F77781BB-CE11-4DD7-B132-7D6B16EC2F1B}.Release|Any CPU.Build.0 = Release|Any CPU
	EndGlobalSection
	GlobalSection(SolutionProperties) = preSolution
		HideSolutionNode = FALSE
	EndGlobalSection
	GlobalSection(ExtensibilityGlobals) = postSolution
		SolutionGuid = {C6944313-2577-471B-A127-D83BFA60F4AF}
	EndGlobalSection
EndGlobal
