
Microsoft Visual Studio Solution File, Format Version 12.00
# Visual Studio Version 17
VisualStudioVersion = 17.6.33617.297
MinimumVisualStudioVersion = 10.0.40219.1
Project("{9A19103F-16F7-4668-BE54-9A1E7A4F7556}") = "LearnGraphQL.Api", "LearnGraphQL.Api\LearnGraphQL.Api.csproj", "{55F5C0B6-78E7-4FEE-B679-457022BD5A80}"
EndProject
Project("{00D1A9C2-B5F0-4AF3-8072-F6C62B433612}") = "LearnGraphQL.Database", "LearnGraphQL.Database\LearnGraphQL.Database.sqlproj", "{7CEE9C58-E801-425C-83DE-B0F9B32A61E3}"
EndProject
Global
	GlobalSection(SolutionConfigurationPlatforms) = preSolution
		Debug|Any CPU = Debug|Any CPU
		Release|Any CPU = Release|Any CPU
	EndGlobalSection
	GlobalSection(ProjectConfigurationPlatforms) = postSolution
		{55F5C0B6-78E7-4FEE-B679-457022BD5A80}.Debug|Any CPU.ActiveCfg = Debug|Any CPU
		{55F5C0B6-78E7-4FEE-B679-457022BD5A80}.Debug|Any CPU.Build.0 = Debug|Any CPU
		{55F5C0B6-78E7-4FEE-B679-457022BD5A80}.Release|Any CPU.ActiveCfg = Release|Any CPU
		{55F5C0B6-78E7-4FEE-B679-457022BD5A80}.Release|Any CPU.Build.0 = Release|Any CPU
		{7CEE9C58-E801-425C-83DE-B0F9B32A61E3}.Debug|Any CPU.ActiveCfg = Debug|Any CPU
		{7CEE9C58-E801-425C-83DE-B0F9B32A61E3}.Debug|Any CPU.Build.0 = Debug|Any CPU
		{7CEE9C58-E801-425C-83DE-B0F9B32A61E3}.Debug|Any CPU.Deploy.0 = Debug|Any CPU
		{7CEE9C58-E801-425C-83DE-B0F9B32A61E3}.Release|Any CPU.ActiveCfg = Release|Any CPU
		{7CEE9C58-E801-425C-83DE-B0F9B32A61E3}.Release|Any CPU.Build.0 = Release|Any CPU
		{7CEE9C58-E801-425C-83DE-B0F9B32A61E3}.Release|Any CPU.Deploy.0 = Release|Any CPU
	EndGlobalSection
	GlobalSection(SolutionProperties) = preSolution
		HideSolutionNode = FALSE
	EndGlobalSection
	GlobalSection(ExtensibilityGlobals) = postSolution
		SolutionGuid = {B0C8AFCF-5597-443B-897B-56FBD92D18A6}
	EndGlobalSection
EndGlobal
