
Microsoft Visual Studio Solution File, Format Version 12.00
# Visual Studio Version 17
VisualStudioVersion = 17.0.31606.5
MinimumVisualStudioVersion = 10.0.40219.1
Project("{FAE04EC0-301F-11D3-BF4B-00C04F79EFBC}") = "LearnAuthType.Api", "LearnAuthType.Api\LearnAuthType.Api.csproj", "{3AF94160-7ED8-48B5-AD1F-9960557F2F4E}"
EndProject
Global
	GlobalSection(SolutionConfigurationPlatforms) = preSolution
		Debug|Any CPU = Debug|Any CPU
		Release|Any CPU = Release|Any CPU
	EndGlobalSection
	GlobalSection(ProjectConfigurationPlatforms) = postSolution
		{3AF94160-7ED8-48B5-AD1F-9960557F2F4E}.Debug|Any CPU.ActiveCfg = Debug|Any CPU
		{3AF94160-7ED8-48B5-AD1F-9960557F2F4E}.Debug|Any CPU.Build.0 = Debug|Any CPU
		{3AF94160-7ED8-48B5-AD1F-9960557F2F4E}.Release|Any CPU.ActiveCfg = Release|Any CPU
		{3AF94160-7ED8-48B5-AD1F-9960557F2F4E}.Release|Any CPU.Build.0 = Release|Any CPU
	EndGlobalSection
	GlobalSection(SolutionProperties) = preSolution
		HideSolutionNode = FALSE
	EndGlobalSection
	GlobalSection(ExtensibilityGlobals) = postSolution
		SolutionGuid = {3FAE04CD-12FD-4056-BC53-6AEC376DBD70}
	EndGlobalSection
EndGlobal
