
Microsoft Visual Studio Solution File, Format Version 12.00
# Visual Studio Version 16
VisualStudioVersion = 16.0.30523.141
MinimumVisualStudioVersion = 10.0.40219.1
Project("{FAE04EC0-301F-11D3-BF4B-00C04F79EFBC}") = "Call", "Call\Call.csproj", "{18C3DBB1-934B-487B-A789-4E5EE2154DD5}"
EndProject
Global
	GlobalSection(SolutionConfigurationPlatforms) = preSolution
		Debug|Any CPU = Debug|Any CPU
		Release|Any CPU = Release|Any CPU
	EndGlobalSection
	GlobalSection(ProjectConfigurationPlatforms) = postSolution
		{18C3DBB1-934B-487B-A789-4E5EE2154DD5}.Debug|Any CPU.ActiveCfg = Debug|Any CPU
		{18C3DBB1-934B-487B-A789-4E5EE2154DD5}.Debug|Any CPU.Build.0 = Debug|Any CPU
		{18C3DBB1-934B-487B-A789-4E5EE2154DD5}.Release|Any CPU.ActiveCfg = Release|Any CPU
		{18C3DBB1-934B-487B-A789-4E5EE2154DD5}.Release|Any CPU.Build.0 = Release|Any CPU
	EndGlobalSection
	GlobalSection(SolutionProperties) = preSolution
		HideSolutionNode = FALSE
	EndGlobalSection
	GlobalSection(ExtensibilityGlobals) = postSolution
		SolutionGuid = {54DD9399-0405-4713-9FFA-90CD5BEBEC74}
	EndGlobalSection
EndGlobal
