
Microsoft Visual Studio Solution File, Format Version 12.00
# Visual Studio Version 16
VisualStudioVersion = 16.0.30413.136
MinimumVisualStudioVersion = 10.0.40219.1
Project("{FAE04EC0-301F-11D3-BF4B-00C04F79EFBC}") = "SampleFunctionOne", "SampleFunctionOne\SampleFunctionOne.csproj", "{82B550D1-B349-4FCD-90FA-D22BB00BF727}"
EndProject
Global
	GlobalSection(SolutionConfigurationPlatforms) = preSolution
		Debug|Any CPU = Debug|Any CPU
		Release|Any CPU = Release|Any CPU
	EndGlobalSection
	GlobalSection(ProjectConfigurationPlatforms) = postSolution
		{82B550D1-B349-4FCD-90FA-D22BB00BF727}.Debug|Any CPU.ActiveCfg = Debug|Any CPU
		{82B550D1-B349-4FCD-90FA-D22BB00BF727}.Debug|Any CPU.Build.0 = Debug|Any CPU
		{82B550D1-B349-4FCD-90FA-D22BB00BF727}.Release|Any CPU.ActiveCfg = Release|Any CPU
		{82B550D1-B349-4FCD-90FA-D22BB00BF727}.Release|Any CPU.Build.0 = Release|Any CPU
	EndGlobalSection
	GlobalSection(SolutionProperties) = preSolution
		HideSolutionNode = FALSE
	EndGlobalSection
	GlobalSection(ExtensibilityGlobals) = postSolution
		SolutionGuid = {2F229148-0EC0-43F7-9063-35B4565488ED}
	EndGlobalSection
EndGlobal
