
Microsoft Visual Studio Solution File, Format Version 12.00
# Visual Studio Version 16
VisualStudioVersion = 16.0.31321.278
MinimumVisualStudioVersion = 10.0.40219.1
Project("{FAE04EC0-301F-11D3-BF4B-00C04F79EFBC}") = "VersioningWebApiWithSwagger", "VersioningWebApiWithSwagger\VersioningWebApiWithSwagger.csproj", "{167CE90C-EE26-4E31-B260-90335813291B}"
EndProject
Global
	GlobalSection(SolutionConfigurationPlatforms) = preSolution
		Debug|Any CPU = Debug|Any CPU
		Release|Any CPU = Release|Any CPU
	EndGlobalSection
	GlobalSection(ProjectConfigurationPlatforms) = postSolution
		{167CE90C-EE26-4E31-B260-90335813291B}.Debug|Any CPU.ActiveCfg = Debug|Any CPU
		{167CE90C-EE26-4E31-B260-90335813291B}.Debug|Any CPU.Build.0 = Debug|Any CPU
		{167CE90C-EE26-4E31-B260-90335813291B}.Release|Any CPU.ActiveCfg = Release|Any CPU
		{167CE90C-EE26-4E31-B260-90335813291B}.Release|Any CPU.Build.0 = Release|Any CPU
	EndGlobalSection
	GlobalSection(SolutionProperties) = preSolution
		HideSolutionNode = FALSE
	EndGlobalSection
	GlobalSection(ExtensibilityGlobals) = postSolution
		SolutionGuid = {EC6F6A0A-795D-405A-BE57-D3DA87601121}
	EndGlobalSection
EndGlobal
